
Microsoft Visual Studio Solution File, Format Version 12.00
# Visual Studio 14
VisualStudioVersion = 14.0.25420.1
MinimumVisualStudioVersion = 10.0.40219.1
Project("{2150E333-8FDC-42A3-9474-1A3956D46DE8}") = "src", "src", "{94E3902E-7049-456C-8E86-C1B3C1F3125D}"
EndProject
Project("{2150E333-8FDC-42A3-9474-1A3956D46DE8}") = "Solution Items", "Solution Items", "{44250D23-E2E6-4E8E-965E-96B5A1D9B289}"
	ProjectSection(SolutionItems) = preProject
		global.json = global.json
	EndProjectSection
EndProject
Project("{8BB2217D-0F2D-49D1-97BC-3654ED321F3B}") = "AspNetCoreWeb", "src\AspNetCoreWeb\AspNetCoreWeb.xproj", "{0AC1788F-401B-4C2B-B1F0-B670DBE05365}"
EndProject
Global
	GlobalSection(SolutionConfigurationPlatforms) = preSolution
		Debug|Any CPU = Debug|Any CPU
		Release|Any CPU = Release|Any CPU
	EndGlobalSection
	GlobalSection(ProjectConfigurationPlatforms) = postSolution
		{0AC1788F-401B-4C2B-B1F0-B670DBE05365}.Debug|Any CPU.ActiveCfg = Debug|Any CPU
		{0AC1788F-401B-4C2B-B1F0-B670DBE05365}.Debug|Any CPU.Build.0 = Debug|Any CPU
		{0AC1788F-401B-4C2B-B1F0-B670DBE05365}.Release|Any CPU.ActiveCfg = Release|Any CPU
		{0AC1788F-401B-4C2B-B1F0-B670DBE05365}.Release|Any CPU.Build.0 = Release|Any CPU
	EndGlobalSection
	GlobalSection(SolutionProperties) = preSolution
		HideSolutionNode = FALSE
	EndGlobalSection
	GlobalSection(NestedProjects) = preSolution
		{0AC1788F-401B-4C2B-B1F0-B670DBE05365} = {94E3902E-7049-456C-8E86-C1B3C1F3125D}
	EndGlobalSection
EndGlobal
